
Microsoft Visual Studio Solution File, Format Version 12.00
# Visual Studio 15
VisualStudioVersion = 15.0.28307.757
MinimumVisualStudioVersion = 10.0.40219.1
Project("{888888A0-9F3D-457C-B088-3A5042F75D52}") = "OneShotLearningPy", "OneShotLearning.python\OneShotLearningPy.pyproj", "{1EF9F4D3-4455-4F17-A057-DB095B3648C8}"
EndProject
Global
	GlobalSection(SolutionConfigurationPlatforms) = preSolution
		Debug|Any CPU = Debug|Any CPU
		Release|Any CPU = Release|Any CPU
	EndGlobalSection
	GlobalSection(ProjectConfigurationPlatforms) = postSolution
		{1EF9F4D3-4455-4F17-A057-DB095B3648C8}.Debug|Any CPU.ActiveCfg = Debug|Any CPU
		{1EF9F4D3-4455-4F17-A057-DB095B3648C8}.Release|Any CPU.ActiveCfg = Release|Any CPU
	EndGlobalSection
	GlobalSection(SolutionProperties) = preSolution
		HideSolutionNode = FALSE
	EndGlobalSection
	GlobalSection(ExtensibilityGlobals) = postSolution
		SolutionGuid = {F17B8D75-27AB-4534-AD0C-7730B540733D}
	EndGlobalSection
EndGlobal
