
Microsoft Visual Studio Solution File, Format Version 12.00
# Visual Studio Version 16
VisualStudioVersion = 16.0.31205.134
MinimumVisualStudioVersion = 10.0.40219.1
Project("{FAE04EC0-301F-11D3-BF4B-00C04F79EFBC}") = "Seq2SeqSinEncodeDecode", "Seq2Seq\Seq2SeqSinEncodeDecode.csproj", "{735BC118-E2C1-4ADF-BDD3-1F923CCE963B}"
EndProject
Project("{FAE04EC0-301F-11D3-BF4B-00C04F79EFBC}") = "Seq2SeqImageToSin", "Seq2SeqImageToSin\Seq2SeqImageToSin.csproj", "{205F0149-EF8F-4B0E-B5F5-5BA6EA30F85A}"
EndProject
Project("{FAE04EC0-301F-11D3-BF4B-00C04F79EFBC}") = "Seq2SeqChatBot", "Seq2SeqChatBot\Seq2SeqChatBot.csproj", "{1311B5CB-45FD-43FB-8C45-670128E56875}"
EndProject
Global
	GlobalSection(SolutionConfigurationPlatforms) = preSolution
		Debug|Any CPU = Debug|Any CPU
		Release|Any CPU = Release|Any CPU
	EndGlobalSection
	GlobalSection(ProjectConfigurationPlatforms) = postSolution
		{735BC118-E2C1-4ADF-BDD3-1F923CCE963B}.Debug|Any CPU.ActiveCfg = Debug|Any CPU
		{735BC118-E2C1-4ADF-BDD3-1F923CCE963B}.Debug|Any CPU.Build.0 = Debug|Any CPU
		{735BC118-E2C1-4ADF-BDD3-1F923CCE963B}.Release|Any CPU.ActiveCfg = Release|Any CPU
		{735BC118-E2C1-4ADF-BDD3-1F923CCE963B}.Release|Any CPU.Build.0 = Release|Any CPU
		{205F0149-EF8F-4B0E-B5F5-5BA6EA30F85A}.Debug|Any CPU.ActiveCfg = Debug|Any CPU
		{205F0149-EF8F-4B0E-B5F5-5BA6EA30F85A}.Debug|Any CPU.Build.0 = Debug|Any CPU
		{205F0149-EF8F-4B0E-B5F5-5BA6EA30F85A}.Release|Any CPU.ActiveCfg = Release|Any CPU
		{205F0149-EF8F-4B0E-B5F5-5BA6EA30F85A}.Release|Any CPU.Build.0 = Release|Any CPU
		{1311B5CB-45FD-43FB-8C45-670128E56875}.Debug|Any CPU.ActiveCfg = Debug|Any CPU
		{1311B5CB-45FD-43FB-8C45-670128E56875}.Debug|Any CPU.Build.0 = Debug|Any CPU
		{1311B5CB-45FD-43FB-8C45-670128E56875}.Release|Any CPU.ActiveCfg = Release|Any CPU
		{1311B5CB-45FD-43FB-8C45-670128E56875}.Release|Any CPU.Build.0 = Release|Any CPU
	EndGlobalSection
	GlobalSection(SolutionProperties) = preSolution
		HideSolutionNode = FALSE
	EndGlobalSection
	GlobalSection(ExtensibilityGlobals) = postSolution
		SolutionGuid = {727B2B2F-A72C-48B5-BACB-337C5CFB74A5}
	EndGlobalSection
EndGlobal
